{
  "requires": true,
  "lockfileVersion": 1,
  "dependencies": {
    "leaflet-pixi-overlay": {
      "version": "1.8.1",
      "resolved": "https://registry.npmjs.org/leaflet-pixi-overlay/-/leaflet-pixi-overlay-1.8.1.tgz",
      "integrity": "sha512-YEAvD5vGuhCvVnlcgMxQyh5wIKDtfRoDXUp/iLd3HNY+mOLhVKMqogQXmyBbzjn4eYkzAOVRF1DBPJaCjYrb8w=="
    }
  }
}
